
Microsoft Visual Studio Solution File, Format Version 12.00
# Visual Studio 2012
Project("{FAE04EC0-301F-11D3-BF4B-00C04F79EFBC}") = "CSharpTraining", "CSharpTraining\CSharpTraining.csproj", "{8A10297B-E94C-43CC-AD84-F1C5990FB325}"
EndProject
Project("{FAE04EC0-301F-11D3-BF4B-00C04F79EFBC}") = "CoinKombine", "CoinKombine\CoinKombine.csproj", "{1195EC0C-CDD4-4C9A-9BAB-9DD7BE36036F}"
EndProject
Project("{FAE04EC0-301F-11D3-BF4B-00C04F79EFBC}") = "PLCSockTest", "PLCSockTest\PLCSockTest.csproj", "{B662C4FB-6CCA-4D5D-9E7E-3FCFC85F20FC}"
EndProject
Global
	GlobalSection(SolutionConfigurationPlatforms) = preSolution
		Debug|x86 = Debug|x86
		Release|x86 = Release|x86
	EndGlobalSection
	GlobalSection(ProjectConfigurationPlatforms) = postSolution
		{8A10297B-E94C-43CC-AD84-F1C5990FB325}.Debug|x86.ActiveCfg = Debug|x86
		{8A10297B-E94C-43CC-AD84-F1C5990FB325}.Debug|x86.Build.0 = Debug|x86
		{8A10297B-E94C-43CC-AD84-F1C5990FB325}.Release|x86.ActiveCfg = Release|x86
		{8A10297B-E94C-43CC-AD84-F1C5990FB325}.Release|x86.Build.0 = Release|x86
		{1195EC0C-CDD4-4C9A-9BAB-9DD7BE36036F}.Debug|x86.ActiveCfg = Debug|x86
		{1195EC0C-CDD4-4C9A-9BAB-9DD7BE36036F}.Debug|x86.Build.0 = Debug|x86
		{1195EC0C-CDD4-4C9A-9BAB-9DD7BE36036F}.Release|x86.ActiveCfg = Release|x86
		{1195EC0C-CDD4-4C9A-9BAB-9DD7BE36036F}.Release|x86.Build.0 = Release|x86
		{B662C4FB-6CCA-4D5D-9E7E-3FCFC85F20FC}.Debug|x86.ActiveCfg = Debug|x86
		{B662C4FB-6CCA-4D5D-9E7E-3FCFC85F20FC}.Debug|x86.Build.0 = Debug|x86
		{B662C4FB-6CCA-4D5D-9E7E-3FCFC85F20FC}.Release|x86.ActiveCfg = Release|x86
		{B662C4FB-6CCA-4D5D-9E7E-3FCFC85F20FC}.Release|x86.Build.0 = Release|x86
	EndGlobalSection
EndGlobal
