
Microsoft Visual Studio Solution File, Format Version 12.00
# Visual Studio 15
Project("{FAE04EC0-301F-11D3-BF4B-00C04F79EFBC}") = "DotSocket", "DotSocket\DotSocket.csproj", "{E4FFBB74-B2B9-43CF-9299-027305311B77}"
EndProject
Project("{FAE04EC0-301F-11D3-BF4B-00C04F79EFBC}") = "TestUnixSockets", "TestUnixSockets\TestUnixSockets.csproj", "{7C0D1C73-4165-40A6-A372-DEED53235E3A}"
EndProject
Global
	GlobalSection(SolutionConfigurationPlatforms) = preSolution
		Debug|anycpu = Debug|anycpu
		Release|anycpu = Release|anycpu
	EndGlobalSection
	GlobalSection(ProjectConfigurationPlatforms) = postSolution
		{E4FFBB74-B2B9-43CF-9299-027305311B77}.Debug|anycpu.ActiveCfg = Debug|anycpu
		{E4FFBB74-B2B9-43CF-9299-027305311B77}.Debug|anycpu.Build.0 = Debug|anycpu
		{E4FFBB74-B2B9-43CF-9299-027305311B77}.Release|anycpu.ActiveCfg = Release|anycpu
		{E4FFBB74-B2B9-43CF-9299-027305311B77}.Release|anycpu.Build.0 = Release|anycpu
		{7C0D1C73-4165-40A6-A372-DEED53235E3A}.Debug|anycpu.ActiveCfg = Debug|Any CPU
		{7C0D1C73-4165-40A6-A372-DEED53235E3A}.Debug|anycpu.Build.0 = Debug|Any CPU
		{7C0D1C73-4165-40A6-A372-DEED53235E3A}.Release|anycpu.ActiveCfg = Release|Any CPU
		{7C0D1C73-4165-40A6-A372-DEED53235E3A}.Release|anycpu.Build.0 = Release|Any CPU
	EndGlobalSection
EndGlobal
